
Microsoft Visual Studio Solution File, Format Version 12.00
# Visual Studio 15
VisualStudioVersion = 15.0.28010.2036
MinimumVisualStudioVersion = 10.0.40219.1
Project("{FAE04EC0-301F-11D3-BF4B-00C04F79EFBC}") = "Launcher", "Launcher\Launcher.csproj", "{59F424CD-4E62-4399-A01E-002E7727FDED}"
EndProject
Project("{FAE04EC0-301F-11D3-BF4B-00C04F79EFBC}") = "Updater", "Updater\Updater\Updater.csproj", "{0248C33D-2E13-4640-9B59-5F242E41D7C0}"
EndProject
Project("{FAE04EC0-301F-11D3-BF4B-00C04F79EFBC}") = "CommonClasses", "CommonClasses\CommonClasses\CommonClasses.csproj", "{EFCCF5DD-D871-42C8-ADFE-96CA51DA271B}"
EndProject
Project("{FAE04EC0-301F-11D3-BF4B-00C04F79EFBC}") = "GeneratorDataProgram", "GeneratorDataProgram\GeneratorDataProgram\GeneratorDataProgram.csproj", "{633812E4-283E-4B3B-B333-C249F4A11DB8}"
EndProject
Global
	GlobalSection(SolutionConfigurationPlatforms) = preSolution
		Debug|Any CPU = Debug|Any CPU
		Release|Any CPU = Release|Any CPU
	EndGlobalSection
	GlobalSection(ProjectConfigurationPlatforms) = postSolution
		{59F424CD-4E62-4399-A01E-002E7727FDED}.Debug|Any CPU.ActiveCfg = Debug|Any CPU
		{59F424CD-4E62-4399-A01E-002E7727FDED}.Debug|Any CPU.Build.0 = Debug|Any CPU
		{59F424CD-4E62-4399-A01E-002E7727FDED}.Release|Any CPU.ActiveCfg = Release|Any CPU
		{59F424CD-4E62-4399-A01E-002E7727FDED}.Release|Any CPU.Build.0 = Release|Any CPU
		{0248C33D-2E13-4640-9B59-5F242E41D7C0}.Debug|Any CPU.ActiveCfg = Debug|Any CPU
		{0248C33D-2E13-4640-9B59-5F242E41D7C0}.Debug|Any CPU.Build.0 = Debug|Any CPU
		{0248C33D-2E13-4640-9B59-5F242E41D7C0}.Release|Any CPU.ActiveCfg = Release|Any CPU
		{0248C33D-2E13-4640-9B59-5F242E41D7C0}.Release|Any CPU.Build.0 = Release|Any CPU
		{EFCCF5DD-D871-42C8-ADFE-96CA51DA271B}.Debug|Any CPU.ActiveCfg = Debug|Any CPU
		{EFCCF5DD-D871-42C8-ADFE-96CA51DA271B}.Debug|Any CPU.Build.0 = Debug|Any CPU
		{EFCCF5DD-D871-42C8-ADFE-96CA51DA271B}.Release|Any CPU.ActiveCfg = Release|Any CPU
		{EFCCF5DD-D871-42C8-ADFE-96CA51DA271B}.Release|Any CPU.Build.0 = Release|Any CPU
		{633812E4-283E-4B3B-B333-C249F4A11DB8}.Debug|Any CPU.ActiveCfg = Debug|Any CPU
		{633812E4-283E-4B3B-B333-C249F4A11DB8}.Debug|Any CPU.Build.0 = Debug|Any CPU
		{633812E4-283E-4B3B-B333-C249F4A11DB8}.Release|Any CPU.ActiveCfg = Release|Any CPU
		{633812E4-283E-4B3B-B333-C249F4A11DB8}.Release|Any CPU.Build.0 = Release|Any CPU
	EndGlobalSection
	GlobalSection(SolutionProperties) = preSolution
		HideSolutionNode = FALSE
	EndGlobalSection
	GlobalSection(ExtensibilityGlobals) = postSolution
		SolutionGuid = {5EA6B4E3-F3E4-44AF-9D61-888366B4BBEB}
	EndGlobalSection
EndGlobal
