
Microsoft Visual Studio Solution File, Format Version 12.00
# Visual Studio 15
VisualStudioVersion = 15.0.28010.2036
MinimumVisualStudioVersion = 10.0.40219.1
Project("{FAE04EC0-301F-11D3-BF4B-00C04F79EFBC}") = "Updater", "Updater\Updater.csproj", "{0248C33D-2E13-4640-9B59-5F242E41D7C0}"
EndProject
Global
	GlobalSection(SolutionConfigurationPlatforms) = preSolution
		Debug|Any CPU = Debug|Any CPU
		Release|Any CPU = Release|Any CPU
	EndGlobalSection
	GlobalSection(ProjectConfigurationPlatforms) = postSolution
		{0248C33D-2E13-4640-9B59-5F242E41D7C0}.Debug|Any CPU.ActiveCfg = Debug|Any CPU
		{0248C33D-2E13-4640-9B59-5F242E41D7C0}.Debug|Any CPU.Build.0 = Debug|Any CPU
		{0248C33D-2E13-4640-9B59-5F242E41D7C0}.Release|Any CPU.ActiveCfg = Release|Any CPU
		{0248C33D-2E13-4640-9B59-5F242E41D7C0}.Release|Any CPU.Build.0 = Release|Any CPU
	EndGlobalSection
	GlobalSection(SolutionProperties) = preSolution
		HideSolutionNode = FALSE
	EndGlobalSection
	GlobalSection(ExtensibilityGlobals) = postSolution
		SolutionGuid = {1673ACD3-6EF0-48D3-8612-185DCC2D1F71}
	EndGlobalSection
EndGlobal
